
Microsoft Visual Studio Solution File, Format Version 12.00
# Visual Studio 2012
Project("{8BC9CEB8-8B4A-11D0-8D11-00A0C91BC942}") = "computeshadertest", "computeshadertest\computeshadertest.vcxproj", "{320FA14C-30ED-4165-8CA8-02D10F567784}"
EndProject
Global
	GlobalSection(SolutionConfigurationPlatforms) = preSolution
		Debug|Win32 = Debug|Win32
		Release|Win32 = Release|Win32
	EndGlobalSection
	GlobalSection(ProjectConfigurationPlatforms) = postSolution
		{320FA14C-30ED-4165-8CA8-02D10F567784}.Debug|Win32.ActiveCfg = Debug|Win32
		{320FA14C-30ED-4165-8CA8-02D10F567784}.Debug|Win32.Build.0 = Debug|Win32
		{320FA14C-30ED-4165-8CA8-02D10F567784}.Release|Win32.ActiveCfg = Release|Win32
		{320FA14C-30ED-4165-8CA8-02D10F567784}.Release|Win32.Build.0 = Release|Win32
	EndGlobalSection
	GlobalSection(SolutionProperties) = preSolution
		HideSolutionNode = FALSE
	EndGlobalSection
EndGlobal
